github.com/garyburd/redigo v1.6.4 h1:LFu2R3+ZOPgSMWMOL+saa/zXRjw0ID2G8FepO53BGlg=
github.com/garyburd/redigo v1.6.4/go.mod h1:rTb6epsqigu3kYKBnaF028A7Tf/Aw5s0cqA47doKKqw=
github.com/go-sql-driver/mysql v1.7.0 h1:ueSltNNllEqE3qcWBTD0iQd3IpL/6U+mJxLkazJ7YPc=
github.com/go-sql-driver/mysql v1.7.0/go.mod h1:OXbVy3sEdcQ2Doequ6Z5BW6fXNQTmx+9S1MCJN5yJMI=
